// !$*UTF8*$!
{
	archiveVersion = 1;
	classes = {
	};
	objectVersion = 55;
	objects = {

/* Begin PBXBuildFile section */
		A4E77223272ADCF200DB5D84 /* AppDelegate.swift in Sources */ = {isa = PBXBuildFile; fileRef = A4E77222272ADCF200DB5D84 /* AppDelegate.swift */; };
		A4E77225272ADCF200DB5D84 /* SceneDelegate.swift in Sources */ = {isa = PBXBuildFile; fileRef = A4E77224272ADCF200DB5D84 /* SceneDelegate.swift */; };
		A4E77227272ADCF200DB5D84 /* ViewController.swift in Sources */ = {isa = PBXBuildFile; fileRef = A4E77226272ADCF200DB5D84 /* ViewController.swift */; };
		A4E7722A272ADCF200DB5D84 /* Main.storyboard in Resources */ = {isa = PBXBuildFile; fileRef = A4E77228272ADCF200DB5D84 /* Main.storyboard */; };
		A4E7722C272ADCF400DB5D84 /* Assets.xcassets in Resources */ = {isa = PBXBuildFile; fileRef = A4E7722B272ADCF400DB5D84 /* Assets.xcassets */; };
		A4E7722F272ADCF400DB5D84 /* LaunchScreen.storyboard in Resources */ = {isa = PBXBuildFile; fileRef = A4E7722D272ADCF400DB5D84 /* LaunchScreen.storyboard */; };
		A4E7723A272ADCF400DB5D84 /* AlertNotifyTests.swift in Sources */ = {isa = PBXBuildFile; fileRef = A4E77239272ADCF400DB5D84 /* AlertNotifyTests.swift */; };
		A4E77244272ADCF400DB5D84 /* AlertNotifyUITests.swift in Sources */ = {isa = PBXBuildFile; fileRef = A4E77243272ADCF400DB5D84 /* AlertNotifyUITests.swift */; };
		A4E77246272ADCF400DB5D84 /* AlertNotifyUITestsLaunchTests.swift in Sources */ = {isa = PBXBuildFile; fileRef = A4E77245272ADCF400DB5D84 /* AlertNotifyUITestsLaunchTests.swift */; };
/* End PBXBuildFile section */

/* Begin PBXContainerItemProxy section */
		A4E77236272ADCF400DB5D84 /* PBXContainerItemProxy */ = {
			isa = PBXContainerItemProxy;
			containerPortal = A4E77217272ADCF200DB5D84 /* Project object */;
			proxyType = 1;
			remoteGlobalIDString = A4E7721E272ADCF200DB5D84;
			remoteInfo = AlertNotify;
		};
		A4E77240272ADCF400DB5D84 /* PBXContainerItemProxy */ = {
			isa = PBXContainerItemProxy;
			containerPortal = A4E77217272ADCF200DB5D84 /* Project object */;
			proxyType = 1;
			remoteGlobalIDString = A4E7721E272ADCF200DB5D84;
			remoteInfo = AlertNotify;
		};
/* End PBXContainerItemProxy section */

/* Begin PBXFileReference section */
		A4E7721F272ADCF200DB5D84 /* AlertNotify.app */ = {isa = PBXFileReference; explicitFileType = wrapper.application; includeInIndex = 0; path = AlertNotify.app; sourceTree = BUILT_PRODUCTS_DIR; };
		A4E77222272ADCF200DB5D84 /* AppDelegate.swift */ = {isa = PBXFileReference; lastKnownFileType = sourcecode.swift; path = AppDelegate.swift; sourceTree = "<group>"; };
		A4E77224272ADCF200DB5D84 /* SceneDelegate.swift */ = {isa = PBXFileReference; lastKnownFileType = sourcecode.swift; path = SceneDelegate.swift; sourceTree = "<group>"; };
		A4E77226272ADCF200DB5D84 /* ViewController.swift */ = {isa = PBXFileReference; lastKnownFileType = sourcecode.swift; path = ViewController.swift; sourceTree = "<group>"; };
		A4E77229272ADCF200DB5D84 /* Base */ = {isa = PBXFileReference; lastKnownFileType = file.storyboard; name = Base; path = Base.lproj/Main.storyboard; sourceTree = "<group>"; };
		A4E7722B272ADCF400DB5D84 /* Assets.xcassets */ = {isa = PBXFileReference; lastKnownFileType = folder.assetcatalog; path = Assets.xcassets; sourceTree = "<group>"; };
		A4E7722E272ADCF400DB5D84 /* Base */ = {isa = PBXFileReference; lastKnownFileType = file.storyboard; name = Base; path = Base.lproj/LaunchScreen.storyboard; sourceTree = "<group>"; };
		A4E77230272ADCF400DB5D84 /* Info.plist */ = {isa = PBXFileReference; lastKnownFileType = text.plist.xml; path = Info.plist; sourceTree = "<group>"; };
		A4E77235272ADCF400DB5D84 /* AlertNotifyTests.xctest */ = {isa = PBXFileReference; explicitFileType = wrapper.cfbundle; includeInIndex = 0; path = AlertNotifyTests.xctest; sourceTree = BUILT_PRODUCTS_DIR; };
		A4E77239272ADCF400DB5D84 /* AlertNotifyTests.swift */ = {isa = PBXFileReference; lastKnownFileType = sourcecode.swift; path = AlertNotifyTests.swift; sourceTree = "<group>"; };
		A4E7723F272ADCF400DB5D84 /* AlertNotifyUITests.xctest */ = {isa = PBXFileReference; explicitFileType = wrapper.cfbundle; includeInIndex = 0; path = AlertNotifyUITests.xctest; sourceTree = BUILT_PRODUCTS_DIR; };
		A4E77243272ADCF400DB5D84 /* AlertNotifyUITests.swift */ = {isa = PBXFileReference; lastKnownFileType = sourcecode.swift; path = AlertNotifyUITests.swift; sourceTree = "<group>"; };
		A4E77245272ADCF400DB5D84 /* AlertNotifyUITestsLaunchTests.swift */ = {isa = PBXFileReference; lastKnownFileType = sourcecode.swift; path = AlertNotifyUITestsLaunchTests.swift; sourceTree = "<group>"; };
/* End PBXFileReference section */

/* Begin PBXFrameworksBuildPhase section */
		A4E7721C272ADCF200DB5D84 /* Frameworks */ = {
			isa = PBXFrameworksBuildPhase;
			buildActionMask = 2147483647;
			files = (
			);
			runOnlyForDeploymentPostprocessing = 0;
		};
		A4E77232272ADCF400DB5D84 /* Frameworks */ = {
			isa = PBXFrameworksBuildPhase;
			buildActionMask = 2147483647;
			files = (
			);
			runOnlyForDeploymentPostprocessing = 0;
		};
		A4E7723C272ADCF400DB5D84 /* Frameworks */ = {
			isa = PBXFrameworksBuildPhase;
			buildActionMask = 2147483647;
			files = (
			);
			runOnlyForDeploymentPostprocessing = 0;
		};
/* End PBXFrameworksBuildPhase section */

/* Begin PBXGroup section */
		A4E77216272ADCF200DB5D84 = {
			isa = PBXGroup;
			children = (
				A4E77221272ADCF200DB5D84 /* AlertNotify */,
				A4E77238272ADCF400DB5D84 /* AlertNotifyTests */,
				A4E77242272ADCF400DB5D84 /* AlertNotifyUITests */,
				A4E77220272ADCF200DB5D84 /* Products */,
			);
			sourceTree = "<group>";
		};
		A4E77220272ADCF200DB5D84 /* Products */ = {
			isa = PBXGroup;
			children = (
				A4E7721F272ADCF200DB5D84 /* AlertNotify.app */,
				A4E77235272ADCF400DB5D84 /* AlertNotifyTests.xctest */,
				A4E7723F272ADCF400DB5D84 /* AlertNotifyUITests.xctest */,
			);
			name = Products;
			sourceTree = "<group>";
		};
		A4E77221272ADCF200DB5D84 /* AlertNotify */ = {
			isa = PBXGroup;
			children = (
				A4E77222272ADCF200DB5D84 /* AppDelegate.swift */,
				A4E77224272ADCF200DB5D84 /* SceneDelegate.swift */,
				A4E77226272ADCF200DB5D84 /* ViewController.swift */,
				A4E77228272ADCF200DB5D84 /* Main.storyboard */,
				A4E7722B272ADCF400DB5D84 /* Assets.xcassets */,
				A4E7722D272ADCF400DB5D84 /* LaunchScreen.storyboard */,
				A4E77230272ADCF400DB5D84 /* Info.plist */,
			);
			path = AlertNotify;
			sourceTree = "<group>";
		};
		A4E77238272ADCF400DB5D84 /* AlertNotifyTests */ = {
			isa = PBXGroup;
			children = (
				A4E77239272ADCF400DB5D84 /* AlertNotifyTests.swift */,
			);
			path = AlertNotifyTests;
			sourceTree = "<group>";
		};
		A4E77242272ADCF400DB5D84 /* AlertNotifyUITests */ = {
			isa = PBXGroup;
			children = (
				A4E77243272ADCF400DB5D84 /* AlertNotifyUITests.swift */,
				A4E77245272ADCF400DB5D84 /* AlertNotifyUITestsLaunchTests.swift */,
			);
			path = AlertNotifyUITests;
			sourceTree = "<group>";
		};
/* End PBXGroup section */

/* Begin PBXNativeTarget section */
		A4E7721E272ADCF200DB5D84 /* AlertNotify */ = {
			isa = PBXNativeTarget;
			buildConfigurationList = A4E77249272ADCF400DB5D84 /* Build configuration list for PBXNativeTarget "AlertNotify" */;
			buildPhases = (
				A4E7721B272ADCF200DB5D84 /* Sources */,
				A4E7721C272ADCF200DB5D84 /* Frameworks */,
				A4E7721D272ADCF200DB5D84 /* Resources */,
			);
			buildRules = (
			);
			dependencies = (
			);
			name = AlertNotify;
			productName = AlertNotify;
			productReference = A4E7721F272ADCF200DB5D84 /* AlertNotify.app */;
			productType = "com.apple.product-type.application";
		};
		A4E77234272ADCF400DB5D84 /* AlertNotifyTests */ = {
			isa = PBXNativeTarget;
			buildConfigurationList = A4E7724C272ADCF400DB5D84 /* Build configuration list for PBXNativeTarget "AlertNotifyTests" */;
			buildPhases = (
				A4E77231272ADCF400DB5D84 /* Sources */,
				A4E77232272ADCF400DB5D84 /* Frameworks */,
				A4E77233272ADCF400DB5D84 /* Resources */,
			);
			buildRules = (
			);
			dependencies = (
				A4E77237272ADCF400DB5D84 /* PBXTargetDependency */,
			);
			name = AlertNotifyTests;
			productName = AlertNotifyTests;
			productReference = A4E77235272ADCF400DB5D84 /* AlertNotifyTests.xctest */;
			productType = "com.apple.product-type.bundle.unit-test";
		};
		A4E7723E272ADCF400DB5D84 /* AlertNotifyUITests */ = {
			isa = PBXNativeTarget;
			buildConfigurationList = A4E7724F272ADCF400DB5D84 /* Build configuration list for PBXNativeTarget "AlertNotifyUITests" */;
			buildPhases = (
				A4E7723B272ADCF400DB5D84 /* Sources */,
				A4E7723C272ADCF400DB5D84 /* Frameworks */,
				A4E7723D272ADCF400DB5D84 /* Resources */,
			);
			buildRules = (
			);
			dependencies = (
				A4E77241272ADCF400DB5D84 /* PBXTargetDependency */,
			);
			name = AlertNotifyUITests;
			productName = AlertNotifyUITests;
			productReference = A4E7723F272ADCF400DB5D84 /* AlertNotifyUITests.xctest */;
			productType = "com.apple.product-type.bundle.ui-testing";
		};
/* End PBXNativeTarget section */

/* Begin PBXProject section */
		A4E77217272ADCF200DB5D84 /* Project object */ = {
			isa = PBXProject;
			attributes = {
				BuildIndependentTargetsInParallel = 1;
				LastSwiftUpdateCheck = 1300;
				LastUpgradeCheck = 1300;
				TargetAttributes = {
					A4E7721E272ADCF200DB5D84 = {
						CreatedOnToolsVersion = 13.0;
					};
					A4E77234272ADCF400DB5D84 = {
						CreatedOnToolsVersion = 13.0;
						TestTargetID = A4E7721E272ADCF200DB5D84;
					};
					A4E7723E272ADCF400DB5D84 = {
						CreatedOnToolsVersion = 13.0;
						TestTargetID = A4E7721E272ADCF200DB5D84;
					};
				};
			};
			buildConfigurationList = A4E7721A272ADCF200DB5D84 /* Build configuration list for PBXProject "AlertNotify" */;
			compatibilityVersion = "Xcode 13.0";
			developmentRegion = en;
			hasScannedForEncodings = 0;
			knownRegions = (
				en,
				Base,
			);
			mainGroup = A4E77216272ADCF200DB5D84;
			productRefGroup = A4E77220272ADCF200DB5D84 /* Products */;
			projectDirPath = "";
			projectRoot = "";
			targets = (
				A4E7721E272ADCF200DB5D84 /* AlertNotify */,
				A4E77234272ADCF400DB5D84 /* AlertNotifyTests */,
				A4E7723E272ADCF400DB5D84 /* AlertNotifyUITests */,
			);
		};
/* End PBXProject section */

/* Begin PBXResourcesBuildPhase section */
		A4E7721D272ADCF200DB5D84 /* Resources */ = {
			isa = PBXResourcesBuildPhase;
			buildActionMask = 2147483647;
			files = (
				A4E7722F272ADCF400DB5D84 /* LaunchScreen.storyboard in Resources */,
				A4E7722C272ADCF400DB5D84 /* Assets.xcassets in Resources */,
				A4E7722A272ADCF200DB5D84 /* Main.storyboard in Resources */,
			);
			runOnlyForDeploymentPostprocessing = 0;
		};
		A4E77233272ADCF400DB5D84 /* Resources */ = {
			isa = PBXResourcesBuildPhase;
			buildActionMask = 2147483647;
			files = (
			);
			runOnlyForDeploymentPostprocessing = 0;
		};
		A4E7723D272ADCF400DB5D84 /* Resources */ = {
			isa = PBXResourcesBuildPhase;
			buildActionMask = 2147483647;
			files = (
			);
			runOnlyForDeploymentPostprocessing = 0;
		};
/* End PBXResourcesBuildPhase section */

/* Begin PBXSourcesBuildPhase section */
		A4E7721B272ADCF200DB5D84 /* Sources */ = {
			isa = PBXSourcesBuildPhase;
			buildActionMask = 2147483647;
			files = (
				A4E77227272ADCF200DB5D84 /* ViewController.swift in Sources */,
				A4E77223272ADCF200DB5D84 /* AppDelegate.swift in Sources */,
				A4E77225272ADCF200DB5D84 /* SceneDelegate.swift in Sources */,
			);
			runOnlyForDeploymentPostprocessing = 0;
		};
		A4E77231272ADCF400DB5D84 /* Sources */ = {
			isa = PBXSourcesBuildPhase;
			buildActionMask = 2147483647;
			files = (
				A4E7723A272ADCF400DB5D84 /* AlertNotifyTests.swift in Sources */,
			);
			runOnlyForDeploymentPostprocessing = 0;
		};
		A4E7723B272ADCF400DB5D84 /* Sources */ = {
			isa = PBXSourcesBuildPhase;
			buildActionMask = 2147483647;
			files = (
				A4E77246272ADCF400DB5D84 /* AlertNotifyUITestsLaunchTests.swift in Sources */,
				A4E77244272ADCF400DB5D84 /* AlertNotifyUITests.swift in Sources */,
			);
			runOnlyForDeploymentPostprocessing = 0;
		};
/* End PBXSourcesBuildPhase section */

/* Begin PBXTargetDependency section */
		A4E77237272ADCF400DB5D84 /* PBXTargetDependency */ = {
			isa = PBXTargetDependency;
			target = A4E7721E272ADCF200DB5D84 /* AlertNotify */;
			targetProxy = A4E77236272ADCF400DB5D84 /* PBXContainerItemProxy */;
		};
		A4E77241272ADCF400DB5D84 /* PBXTargetDependency */ = {
			isa = PBXTargetDependency;
			target = A4E7721E272ADCF200DB5D84 /* AlertNotify */;
			targetProxy = A4E77240272ADCF400DB5D84 /* PBXContainerItemProxy */;
		};
/* End PBXTargetDependency section */

/* Begin PBXVariantGroup section */
		A4E77228272ADCF200DB5D84 /* Main.storyboard */ = {
			isa = PBXVariantGroup;
			children = (
				A4E77229272ADCF200DB5D84 /* Base */,
			);
			name = Main.storyboard;
			sourceTree = "<group>";
		};
		A4E7722D272ADCF400DB5D84 /* LaunchScreen.storyboard */ = {
			isa = PBXVariantGroup;
			children = (
				A4E7722E272ADCF400DB5D84 /* Base */,
			);
			name = LaunchScreen.storyboard;
			sourceTree = "<group>";
		};
/* End PBXVariantGroup section */

/* Begin XCBuildConfiguration section */
		A4E77247272ADCF400DB5D84 /* Debug */ = {
			isa = XCBuildConfiguration;
			buildSettings = {
				ALWAYS_SEARCH_USER_PATHS = NO;
				CLANG_ANALYZER_NONNULL = YES;
				CLANG_ANALYZER_NUMBER_OBJECT_CONVERSION = YES_AGGRESSIVE;
				CLANG_CXX_LANGUAGE_STANDARD = "gnu++17";
				CLANG_CXX_LIBRARY = "libc++";
				CLANG_ENABLE_MODULES = YES;
				CLANG_ENABLE_OBJC_ARC = YES;
				CLANG_ENABLE_OBJC_WEAK = YES;
				CLANG_WARN_BLOCK_CAPTURE_AUTORELEASING = YES;
				CLANG_WARN_BOOL_CONVERSION = YES;
				CLANG_WARN_COMMA = YES;
				CLANG_WARN_CONSTANT_CONVERSION = YES;
				CLANG_WARN_DEPRECATED_OBJC_IMPLEMENTATIONS = YES;
				CLANG_WARN_DIRECT_OBJC_ISA_USAGE = YES_ERROR;
				CLANG_WARN_DOCUMENTATION_COMMENTS = YES;
				CLANG_WARN_EMPTY_BODY = YES;
				CLANG_WARN_ENUM_CONVERSION = YES;
				CLANG_WARN_INFINITE_RECURSION = YES;
				CLANG_WARN_INT_CONVERSION = YES;
				CLANG_WARN_NON_LITERAL_NULL_CONVERSION = YES;
				CLANG_WARN_OBJC_IMPLICIT_RETAIN_SELF = YES;
				CLANG_WARN_OBJC_LITERAL_CONVERSION = YES;
				CLANG_WARN_OBJC_ROOT_CLASS = YES_ERROR;
				CLANG_WARN_QUOTED_INCLUDE_IN_FRAMEWORK_HEADER = YES;
				CLANG_WARN_RANGE_LOOP_ANALYSIS = YES;
				CLANG_WARN_STRICT_PROTOTYPES = YES;
				CLANG_WARN_SUSPICIOUS_MOVE = YES;
				CLANG_WARN_UNGUARDED_AVAILABILITY = YES_AGGRESSIVE;
				CLANG_WARN_UNREACHABLE_CODE = YES;
				CLANG_WARN__DUPLICATE_METHOD_MATCH = YES;
				COPY_PHASE_STRIP = NO;
				DEBUG_INFORMATION_FORMAT = dwarf;
				ENABLE_STRICT_OBJC_MSGSEND = YES;
				ENABLE_TESTABILITY = YES;
				GCC_C_LANGUAGE_STANDARD = gnu11;
				GCC_DYNAMIC_NO_PIC = NO;
				GCC_NO_COMMON_BLOCKS = YES;
				GCC_OPTIMIZATION_LEVEL = 0;
				GCC_PREPROCESSOR_DEFINITIONS = (
					"DEBUG=1",
					"$(inherited)",
				);
				GCC_WARN_64_TO_32_BIT_CONVERSION = YES;
				GCC_WARN_ABOUT_RETURN_TYPE = YES_ERROR;
				GCC_WARN_UNDECLARED_SELECTOR = YES;
				GCC_WARN_UNINITIALIZED_AUTOS = YES_AGGRESSIVE;
				GCC_WARN_UNUSED_FUNCTION = YES;
				GCC_WARN_UNUSED_VARIABLE = YES;
				IPHONEOS_DEPLOYMENT_TARGET = 15.0;
				MTL_ENABLE_DEBUG_INFO = INCLUDE_SOURCE;
				MTL_FAST_MATH = YES;
				ONLY_ACTIVE_ARCH = YES;
				SDKROOT = iphoneos;
				SWIFT_ACTIVE_COMPILATION_CONDITIONS = DEBUG;
				SWIFT_OPTIMIZATION_LEVEL = "-Onone";
			};
			name = Debug;
		};
		A4E77248272ADCF400DB5D84 /* Release */ = {
			isa = XCBuildConfiguration;
			buildSettings = {
				ALWAYS_SEARCH_USER_PATHS = NO;
				CLANG_ANALYZER_NONNULL = YES;
				CLANG_ANALYZER_NUMBER_OBJECT_CONVERSION = YES_AGGRESSIVE;
				CLANG_CXX_LANGUAGE_STANDARD = "gnu++17";
				CLANG_CXX_LIBRARY = "libc++";
				CLANG_ENABLE_MODULES = YES;
				CLANG_ENABLE_OBJC_ARC = YES;
				CLANG_ENABLE_OBJC_WEAK = YES;
				CLANG_WARN_BLOCK_CAPTURE_AUTORELEASING = YES;
				CLANG_WARN_BOOL_CONVERSION = YES;
				CLANG_WARN_COMMA = YES;
				CLANG_WARN_CONSTANT_CONVERSION = YES;
				CLANG_WARN_DEPRECATED_OBJC_IMPLEMENTATIONS = YES;
				CLANG_WARN_DIRECT_OBJC_ISA_USAGE = YES_ERROR;
				CLANG_WARN_DOCUMENTATION_COMMENTS = YES;
				CLANG_WARN_EMPTY_BODY = YES;
				CLANG_WARN_ENUM_CONVERSION = YES;
				CLANG_WARN_INFINITE_RECURSION = YES;
				CLANG_WARN_INT_CONVERSION = YES;
				CLANG_WARN_NON_LITERAL_NULL_CONVERSION = YES;
				CLANG_WARN_OBJC_IMPLICIT_RETAIN_SELF = YES;
				CLANG_WARN_OBJC_LITERAL_CONVERSION = YES;
				CLANG_WARN_OBJC_ROOT_CLASS = YES_ERROR;
				CLANG_WARN_QUOTED_INCLUDE_IN_FRAMEWORK_HEADER = YES;
				CLANG_WARN_RANGE_LOOP_ANALYSIS = YES;
				CLANG_WARN_STRICT_PROTOTYPES = YES;
				CLANG_WARN_SUSPICIOUS_MOVE = YES;
				CLANG_WARN_UNGUARDED_AVAILABILITY = YES_AGGRESSIVE;
				CLANG_WARN_UNREACHABLE_CODE = YES;
				CLANG_WARN__DUPLICATE_METHOD_MATCH = YES;
				COPY_PHASE_STRIP = NO;
				DEBUG_INFORMATION_FORMAT = "dwarf-with-dsym";
				ENABLE_NS_ASSERTIONS = NO;
				ENABLE_STRICT_OBJC_MSGSEND = YES;
				GCC_C_LANGUAGE_STANDARD = gnu11;
				GCC_NO_COMMON_BLOCKS = YES;
				GCC_WARN_64_TO_32_BIT_CONVERSION = YES;
				GCC_WARN_ABOUT_RETURN_TYPE = YES_ERROR;
				GCC_WARN_UNDECLARED_SELECTOR = YES;
				GCC_WARN_UNINITIALIZED_AUTOS = YES_AGGRESSIVE;
				GCC_WARN_UNUSED_FUNCTION = YES;
				GCC_WARN_UNUSED_VARIABLE = YES;
				IPHONEOS_DEPLOYMENT_TARGET = 15.0;
				MTL_ENABLE_DEBUG_INFO = NO;
				MTL_FAST_MATH = YES;
				SDKROOT = iphoneos;
				SWIFT_COMPILATION_MODE = wholemodule;
				SWIFT_OPTIMIZATION_LEVEL = "-O";
				VALIDATE_PRODUCT = YES;
			};
			name = Release;
		};
		A4E7724A272ADCF400DB5D84 /* Debug */ = {
			isa = XCBuildConfiguration;
			buildSettings = {
				ASSETCATALOG_COMPILER_APPICON_NAME = AppIcon;
				ASSETCATALOG_COMPILER_GLOBAL_ACCENT_COLOR_NAME = AccentColor;
				CODE_SIGN_STYLE = Automatic;
				CURRENT_PROJECT_VERSION = 1;
				DEVELOPMENT_TEAM = 8L6Q7426QV;
				GENERATE_INFOPLIST_FILE = YES;
				INFOPLIST_FILE = AlertNotify/Info.plist;
				INFOPLIST_KEY_UIApplicationSupportsIndirectInputEvents = YES;
				INFOPLIST_KEY_UILaunchStoryboardName = LaunchScreen;
				INFOPLIST_KEY_UIMainStoryboardFile = Main;
				INFOPLIST_KEY_UISupportedInterfaceOrientations = "";
				INFOPLIST_KEY_UISupportedInterfaceOrientations_iPad = "UIInterfaceOrientationPortrait UIInterfaceOrientationPortraitUpsideDown UIInterfaceOrientationLandscapeLeft UIInterfaceOrientationLandscapeRight";
				INFOPLIST_KEY_UISupportedInterfaceOrientations_iPhone = "UIInterfaceOrientationPortrait UIInterfaceOrientationLandscapeLeft UIInterfaceOrientationLandscapeRight";
				LD_RUNPATH_SEARCH_PATHS = (
					"$(inherited)",
					"@executable_path/Frameworks",
				);
				MARKETING_VERSION = 1.0;
				PRODUCT_BUNDLE_IDENTIFIER = com.mchtter.AlertNotify;
				PRODUCT_NAME = "$(TARGET_NAME)";
				SWIFT_EMIT_LOC_STRINGS = YES;
				SWIFT_VERSION = 5.0;
				TARGETED_DEVICE_FAMILY = "1,2";
			};
			name = Debug;
		};
		A4E7724B272ADCF400DB5D84 /* Release */ = {
			isa = XCBuildConfiguration;
			buildSettings = {
				ASSETCATALOG_COMPILER_APPICON_NAME = AppIcon;
				ASSETCATALOG_COMPILER_GLOBAL_ACCENT_COLOR_NAME = AccentColor;
				CODE_SIGN_STYLE = Automatic;
				CURRENT_PROJECT_VERSION = 1;
				DEVELOPMENT_TEAM = 8L6Q7426QV;
				GENERATE_INFOPLIST_FILE = YES;
				INFOPLIST_FILE = AlertNotify/Info.plist;
				INFOPLIST_KEY_UIApplicationSupportsIndirectInputEvents = YES;
				INFOPLIST_KEY_UILaunchStoryboardName = LaunchScreen;
				INFOPLIST_KEY_UIMainStoryboardFile = Main;
				INFOPLIST_KEY_UISupportedInterfaceOrientations = "";
				INFOPLIST_KEY_UISupportedInterfaceOrientations_iPad = "UIInterfaceOrientationPortrait UIInterfaceOrientationPortraitUpsideDown UIInterfaceOrientationLandscapeLeft UIInterfaceOrientationLandscapeRight";
				INFOPLIST_KEY_UISupportedInterfaceOrientations_iPhone = "UIInterfaceOrientationPortrait UIInterfaceOrientationLandscapeLeft UIInterfaceOrientationLandscapeRight";
				LD_RUNPATH_SEARCH_PATHS = (
					"$(inherited)",
					"@executable_path/Frameworks",
				);
				MARKETING_VERSION = 1.0;
				PRODUCT_BUNDLE_IDENTIFIER = com.mchtter.AlertNotify;
				PRODUCT_NAME = "$(TARGET_NAME)";
				SWIFT_EMIT_LOC_STRINGS = YES;
				SWIFT_VERSION = 5.0;
				TARGETED_DEVICE_FAMILY = "1,2";
			};
			name = Release;
		};
		A4E7724D272ADCF400DB5D84 /* Debug */ = {
			isa = XCBuildConfiguration;
			buildSettings = {
				ALWAYS_EMBED_SWIFT_STANDARD_LIBRARIES = YES;
				BUNDLE_LOADER = "$(TEST_HOST)";
				CODE_SIGN_STYLE = Automatic;
				CURRENT_PROJECT_VERSION = 1;
				DEVELOPMENT_TEAM = 8L6Q7426QV;
				GENERATE_INFOPLIST_FILE = YES;
				IPHONEOS_DEPLOYMENT_TARGET = 15.0;
				LD_RUNPATH_SEARCH_PATHS = (
					"$(inherited)",
					"@executable_path/Frameworks",
					"@loader_path/Frameworks",
				);
				MARKETING_VERSION = 1.0;
				PRODUCT_BUNDLE_IDENTIFIER = com.mchtter.AlertNotifyTests;
				PRODUCT_NAME = "$(TARGET_NAME)";
				SWIFT_EMIT_LOC_STRINGS = NO;
				SWIFT_VERSION = 5.0;
				TARGETED_DEVICE_FAMILY = "1,2";
				TEST_HOST = "$(BUILT_PRODUCTS_DIR)/AlertNotify.app/AlertNotify";
			};
			name = Debug;
		};
		A4E7724E272ADCF400DB5D84 /* Release */ = {
			isa = XCBuildConfiguration;
			buildSettings = {
				ALWAYS_EMBED_SWIFT_STANDARD_LIBRARIES = YES;
				BUNDLE_LOADER = "$(TEST_HOST)";
				CODE_SIGN_STYLE = Automatic;
				CURRENT_PROJECT_VERSION = 1;
				DEVELOPMENT_TEAM = 8L6Q7426QV;
				GENERATE_INFOPLIST_FILE = YES;
				IPHONEOS_DEPLOYMENT_TARGET = 15.0;
				LD_RUNPATH_SEARCH_PATHS = (
					"$(inherited)",
					"@executable_path/Frameworks",
					"@loader_path/Frameworks",
				);
				MARKETING_VERSION = 1.0;
				PRODUCT_BUNDLE_IDENTIFIER = com.mchtter.AlertNotifyTests;
				PRODUCT_NAME = "$(TARGET_NAME)";
				SWIFT_EMIT_LOC_STRINGS = NO;
				SWIFT_VERSION = 5.0;
				TARGETED_DEVICE_FAMILY = "1,2";
				TEST_HOST = "$(BUILT_PRODUCTS_DIR)/AlertNotify.app/AlertNotify";
			};
			name = Release;
		};
		A4E77250272ADCF400DB5D84 /* Debug */ = {
			isa = XCBuildConfiguration;
			buildSettings = {
				ALWAYS_EMBED_SWIFT_STANDARD_LIBRARIES = YES;
				CODE_SIGN_STYLE = Automatic;
				CURRENT_PROJECT_VERSION = 1;
				DEVELOPMENT_TEAM = 8L6Q7426QV;
				GENERATE_INFOPLIST_FILE = YES;
				LD_RUNPATH_SEARCH_PATHS = (
					"$(inherited)",
					"@executable_path/Frameworks",
					"@loader_path/Frameworks",
				);
				MARKETING_VERSION = 1.0;
				PRODUCT_BUNDLE_IDENTIFIER = com.mchtter.AlertNotifyUITests;
				PRODUCT_NAME = "$(TARGET_NAME)";
				SWIFT_EMIT_LOC_STRINGS = NO;
				SWIFT_VERSION = 5.0;
				TARGETED_DEVICE_FAMILY = "1,2";
				TEST_TARGET_NAME = AlertNotify;
			};
			name = Debug;
		};
		A4E77251272ADCF400DB5D84 /* Release */ = {
			isa = XCBuildConfiguration;
			buildSettings = {
				ALWAYS_EMBED_SWIFT_STANDARD_LIBRARIES = YES;
				CODE_SIGN_STYLE = Automatic;
				CURRENT_PROJECT_VERSION = 1;
				DEVELOPMENT_TEAM = 8L6Q7426QV;
				GENERATE_INFOPLIST_FILE = YES;
				LD_RUNPATH_SEARCH_PATHS = (
					"$(inherited)",
					"@executable_path/Frameworks",
					"@loader_path/Frameworks",
				);
				MARKETING_VERSION = 1.0;
				PRODUCT_BUNDLE_IDENTIFIER = com.mchtter.AlertNotifyUITests;
				PRODUCT_NAME = "$(TARGET_NAME)";
				SWIFT_EMIT_LOC_STRINGS = NO;
				SWIFT_VERSION = 5.0;
				TARGETED_DEVICE_FAMILY = "1,2";
				TEST_TARGET_NAME = AlertNotify;
			};
			name = Release;
		};
/* End XCBuildConfiguration section */

/* Begin XCConfigurationList section */
		A4E7721A272ADCF200DB5D84 /* Build configuration list for PBXProject "AlertNotify" */ = {
			isa = XCConfigurationList;
			buildConfigurations = (
				A4E77247272ADCF400DB5D84 /* Debug */,
				A4E77248272ADCF400DB5D84 /* Release */,
			);
			defaultConfigurationIsVisible = 0;
			defaultConfigurationName = Release;
		};
		A4E77249272ADCF400DB5D84 /* Build configuration list for PBXNativeTarget "AlertNotify" */ = {
			isa = XCConfigurationList;
			buildConfigurations = (
				A4E7724A272ADCF400DB5D84 /* Debug */,
				A4E7724B272ADCF400DB5D84 /* Release */,
			);
			defaultConfigurationIsVisible = 0;
			defaultConfigurationName = Release;
		};
		A4E7724C272ADCF400DB5D84 /* Build configuration list for PBXNativeTarget "AlertNotifyTests" */ = {
			isa = XCConfigurationList;
			buildConfigurations = (
				A4E7724D272ADCF400DB5D84 /* Debug */,
				A4E7724E272ADCF400DB5D84 /* Release */,
			);
			defaultConfigurationIsVisible = 0;
			defaultConfigurationName = Release;
		};
		A4E7724F272ADCF400DB5D84 /* Build configuration list for PBXNativeTarget "AlertNotifyUITests" */ = {
			isa = XCConfigurationList;
			buildConfigurations = (
				A4E77250272ADCF400DB5D84 /* Debug */,
				A4E77251272ADCF400DB5D84 /* Release */,
			);
			defaultConfigurationIsVisible = 0;
			defaultConfigurationName = Release;
		};
/* End XCConfigurationList section */
	};
	rootObject = A4E77217272ADCF200DB5D84 /* Project object */;
}
